
Microsoft Visual Studio Solution File, Format Version 12.00
# Visual Studio Version 17
VisualStudioVersion = 17.7.34018.315
MinimumVisualStudioVersion = 10.0.40219.1
Project("{FAE04EC0-301F-11D3-BF4B-00C04F79EFBC}") = "OrderReader.Core", "OrderReader.Core\OrderReader.Core.csproj", "{B74FDBA7-10D6-4801-AE8D-5ACA52B16230}"
EndProject
Project("{FAE04EC0-301F-11D3-BF4B-00C04F79EFBC}") = "OrderReaderUI", "OrderReaderUI\OrderReaderUI.csproj", "{55AE2991-A12D-4F8E-B27C-4927AAB96445}"
EndProject
Global
	GlobalSection(SolutionConfigurationPlatforms) = preSolution
		Debug|Any CPU = Debug|Any CPU
		Release|Any CPU = Release|Any CPU
	EndGlobalSection
	GlobalSection(ProjectConfigurationPlatforms) = postSolution
		{B74FDBA7-10D6-4801-AE8D-5ACA52B16230}.Debug|Any CPU.ActiveCfg = Debug|Any CPU
		{B74FDBA7-10D6-4801-AE8D-5ACA52B16230}.Debug|Any CPU.Build.0 = Debug|Any CPU
		{B74FDBA7-10D6-4801-AE8D-5ACA52B16230}.Release|Any CPU.ActiveCfg = Release|Any CPU
		{B74FDBA7-10D6-4801-AE8D-5ACA52B16230}.Release|Any CPU.Build.0 = Release|Any CPU
		{55AE2991-A12D-4F8E-B27C-4927AAB96445}.Debug|Any CPU.ActiveCfg = Debug|Any CPU
		{55AE2991-A12D-4F8E-B27C-4927AAB96445}.Debug|Any CPU.Build.0 = Debug|Any CPU
		{55AE2991-A12D-4F8E-B27C-4927AAB96445}.Release|Any CPU.ActiveCfg = Release|Any CPU
		{55AE2991-A12D-4F8E-B27C-4927AAB96445}.Release|Any CPU.Build.0 = Release|Any CPU
	EndGlobalSection
	GlobalSection(SolutionProperties) = preSolution
		HideSolutionNode = FALSE
	EndGlobalSection
	GlobalSection(ExtensibilityGlobals) = postSolution
		SolutionGuid = {0AF35DD5-887C-420F-9CB6-42B808ECB31A}
	EndGlobalSection
EndGlobal
